// !$*UTF8*$!
{
	archiveVersion = 1;
	classes = {
	};
	objectVersion = 46;
	objects = {

/* Begin PBXBuildFile section */
		D8A619461C86E4340011FE03 /* main.m in Sources */ = {isa = PBXBuildFile; fileRef = D8A619451C86E4340011FE03 /* main.m */; };
		D8A619491C86E4340011FE03 /* AppDelegate.m in Sources */ = {isa = PBXBuildFile; fileRef = D8A619481C86E4340011FE03 /* AppDelegate.m */; };
		D8A6194C1C86E4340011FE03 /* ViewController.m in Sources */ = {isa = PBXBuildFile; fileRef = D8A6194B1C86E4340011FE03 /* ViewController.m */; };
		D8A6194F1C86E4340011FE03 /* Main.storyboard in Resources */ = {isa = PBXBuildFile; fileRef = D8A6194D1C86E4340011FE03 /* Main.storyboard */; };
		D8A619511C86E4340011FE03 /* Assets.xcassets in Resources */ = {isa = PBXBuildFile; fileRef = D8A619501C86E4340011FE03 /* Assets.xcassets */; };
		D8A619541C86E4340011FE03 /* LaunchScreen.storyboard in Resources */ = {isa = PBXBuildFile; fileRef = D8A619521C86E4340011FE03 /* LaunchScreen.storyboard */; };
		D8A6195D1C86E45F0011FE03 /* Node.m in Sources */ = {isa = PBXBuildFile; fileRef = D8A6195C1C86E45F0011FE03 /* Node.m */; };
/* End PBXBuildFile section */

/* Begin PBXFileReference section */
		D8A619411C86E4340011FE03 /* BinaryTree.app */ = {isa = PBXFileReference; explicitFileType = wrapper.application; includeInIndex = 0; path = BinaryTree.app; sourceTree = BUILT_PRODUCTS_DIR; };
		D8A619451C86E4340011FE03 /* main.m */ = {isa = PBXFileReference; lastKnownFileType = sourcecode.c.objc; path = main.m; sourceTree = "<group>"; };
		D8A619471C86E4340011FE03 /* AppDelegate.h */ = {isa = PBXFileReference; lastKnownFileType = sourcecode.c.h; path = AppDelegate.h; sourceTree = "<group>"; };
		D8A619481C86E4340011FE03 /* AppDelegate.m */ = {isa = PBXFileReference; lastKnownFileType = sourcecode.c.objc; path = AppDelegate.m; sourceTree = "<group>"; };
		D8A6194A1C86E4340011FE03 /* ViewController.h */ = {isa = PBXFileReference; lastKnownFileType = sourcecode.c.h; path = ViewController.h; sourceTree = "<group>"; };
		D8A6194B1C86E4340011FE03 /* ViewController.m */ = {isa = PBXFileReference; lastKnownFileType = sourcecode.c.objc; path = ViewController.m; sourceTree = "<group>"; };
		D8A6194E1C86E4340011FE03 /* Base */ = {isa = PBXFileReference; lastKnownFileType = file.storyboard; name = Base; path = Base.lproj/Main.storyboard; sourceTree = "<group>"; };
		D8A619501C86E4340011FE03 /* Assets.xcassets */ = {isa = PBXFileReference; lastKnownFileType = folder.assetcatalog; path = Assets.xcassets; sourceTree = "<group>"; };
		D8A619531C86E4340011FE03 /* Base */ = {isa = PBXFileReference; lastKnownFileType = file.storyboard; name = Base; path = Base.lproj/LaunchScreen.storyboard; sourceTree = "<group>"; };
		D8A619551C86E4340011FE03 /* Info.plist */ = {isa = PBXFileReference; lastKnownFileType = text.plist.xml; path = Info.plist; sourceTree = "<group>"; };
		D8A6195B1C86E45F0011FE03 /* Node.h */ = {isa = PBXFileReference; fileEncoding = 4; lastKnownFileType = sourcecode.c.h; path = Node.h; sourceTree = "<group>"; };
		D8A6195C1C86E45F0011FE03 /* Node.m */ = {isa = PBXFileReference; fileEncoding = 4; lastKnownFileType = sourcecode.c.objc; path = Node.m; sourceTree = "<group>"; };
/* End PBXFileReference section */

/* Begin PBXFrameworksBuildPhase section */
		D8A6193E1C86E4340011FE03 /* Frameworks */ = {
			isa = PBXFrameworksBuildPhase;
			buildActionMask = 2147483647;
			files = (
			);
			runOnlyForDeploymentPostprocessing = 0;
		};
/* End PBXFrameworksBuildPhase section */

/* Begin PBXGroup section */
		D8A619381C86E4340011FE03 = {
			isa = PBXGroup;
			children = (
				D8A619431C86E4340011FE03 /* BinaryTree */,
				D8A619421C86E4340011FE03 /* Products */,
			);
			sourceTree = "<group>";
		};
		D8A619421C86E4340011FE03 /* Products */ = {
			isa = PBXGroup;
			children = (
				D8A619411C86E4340011FE03 /* BinaryTree.app */,
			);
			name = Products;
			sourceTree = "<group>";
		};
		D8A619431C86E4340011FE03 /* BinaryTree */ = {
			isa = PBXGroup;
			children = (
				D8A619471C86E4340011FE03 /* AppDelegate.h */,
				D8A619481C86E4340011FE03 /* AppDelegate.m */,
				D8A6194A1C86E4340011FE03 /* ViewController.h */,
				D8A6194B1C86E4340011FE03 /* ViewController.m */,
				D8A6195B1C86E45F0011FE03 /* Node.h */,
				D8A6195C1C86E45F0011FE03 /* Node.m */,
				D8A6194D1C86E4340011FE03 /* Main.storyboard */,
				D8A619501C86E4340011FE03 /* Assets.xcassets */,
				D8A619521C86E4340011FE03 /* LaunchScreen.storyboard */,
				D8A619551C86E4340011FE03 /* Info.plist */,
				D8A619441C86E4340011FE03 /* Supporting Files */,
			);
			path = BinaryTree;
			sourceTree = "<group>";
		};
		D8A619441C86E4340011FE03 /* Supporting Files */ = {
			isa = PBXGroup;
			children = (
				D8A619451C86E4340011FE03 /* main.m */,
			);
			name = "Supporting Files";
			sourceTree = "<group>";
		};
/* End PBXGroup section */

/* Begin PBXNativeTarget section */
		D8A619401C86E4340011FE03 /* BinaryTree */ = {
			isa = PBXNativeTarget;
			buildConfigurationList = D8A619581C86E4340011FE03 /* Build configuration list for PBXNativeTarget "BinaryTree" */;
			buildPhases = (
				D8A6193D1C86E4340011FE03 /* Sources */,
				D8A6193E1C86E4340011FE03 /* Frameworks */,
				D8A6193F1C86E4340011FE03 /* Resources */,
			);
			buildRules = (
			);
			dependencies = (
			);
			name = BinaryTree;
			productName = BinaryTree;
			productReference = D8A619411C86E4340011FE03 /* BinaryTree.app */;
			productType = "com.apple.product-type.application";
		};
/* End PBXNativeTarget section */

/* Begin PBXProject section */
		D8A619391C86E4340011FE03 /* Project object */ = {
			isa = PBXProject;
			attributes = {
				LastUpgradeCheck = 0720;
				ORGANIZATIONNAME = xindong;
				TargetAttributes = {
					D8A619401C86E4340011FE03 = {
						CreatedOnToolsVersion = 7.2;
					};
				};
			};
			buildConfigurationList = D8A6193C1C86E4340011FE03 /* Build configuration list for PBXProject "BinaryTree" */;
			compatibilityVersion = "Xcode 3.2";
			developmentRegion = English;
			hasScannedForEncodings = 0;
			knownRegions = (
				en,
				Base,
			);
			mainGroup = D8A619381C86E4340011FE03;
			productRefGroup = D8A619421C86E4340011FE03 /* Products */;
			projectDirPath = "";
			projectRoot = "";
			targets = (
				D8A619401C86E4340011FE03 /* BinaryTree */,
			);
		};
/* End PBXProject section */

/* Begin PBXResourcesBuildPhase section */
		D8A6193F1C86E4340011FE03 /* Resources */ = {
			isa = PBXResourcesBuildPhase;
			buildActionMask = 2147483647;
			files = (
				D8A619541C86E4340011FE03 /* LaunchScreen.storyboard in Resources */,
				D8A619511C86E4340011FE03 /* Assets.xcassets in Resources */,
				D8A6194F1C86E4340011FE03 /* Main.storyboard in Resources */,
			);
			runOnlyForDeploymentPostprocessing = 0;
		};
/* End PBXResourcesBuildPhase section */

/* Begin PBXSourcesBuildPhase section */
		D8A6193D1C86E4340011FE03 /* Sources */ = {
			isa = PBXSourcesBuildPhase;
			buildActionMask = 2147483647;
			files = (
				D8A6194C1C86E4340011FE03 /* ViewController.m in Sources */,
				D8A619491C86E4340011FE03 /* AppDelegate.m in Sources */,
				D8A619461C86E4340011FE03 /* main.m in Sources */,
				D8A6195D1C86E45F0011FE03 /* Node.m in Sources */,
			);
			runOnlyForDeploymentPostprocessing = 0;
		};
/* End PBXSourcesBuildPhase section */

/* Begin PBXVariantGroup section */
		D8A6194D1C86E4340011FE03 /* Main.storyboard */ = {
			isa = PBXVariantGroup;
			children = (
				D8A6194E1C86E4340011FE03 /* Base */,
			);
			name = Main.storyboard;
			sourceTree = "<group>";
		};
		D8A619521C86E4340011FE03 /* LaunchScreen.storyboard */ = {
			isa = PBXVariantGroup;
			children = (
				D8A619531C86E4340011FE03 /* Base */,
			);
			name = LaunchScreen.storyboard;
			sourceTree = "<group>";
		};
/* End PBXVariantGroup section */

/* Begin XCBuildConfiguration section */
		D8A619561C86E4340011FE03 /* Debug */ = {
			isa = XCBuildConfiguration;
			buildSettings = {
				ALWAYS_SEARCH_USER_PATHS = NO;
				CLANG_CXX_LANGUAGE_STANDARD = "gnu++0x";
				CLANG_CXX_LIBRARY = "libc++";
				CLANG_ENABLE_MODULES = YES;
				CLANG_ENABLE_OBJC_ARC = YES;
				CLANG_WARN_BOOL_CONVERSION = YES;
				CLANG_WARN_CONSTANT_CONVERSION = YES;
				CLANG_WARN_DIRECT_OBJC_ISA_USAGE = YES_ERROR;
				CLANG_WARN_EMPTY_BODY = YES;
				CLANG_WARN_ENUM_CONVERSION = YES;
				CLANG_WARN_INT_CONVERSION = YES;
				CLANG_WARN_OBJC_ROOT_CLASS = YES_ERROR;
				CLANG_WARN_UNREACHABLE_CODE = YES;
				CLANG_WARN__DUPLICATE_METHOD_MATCH = YES;
				"CODE_SIGN_IDENTITY[sdk=iphoneos*]" = "iPhone Developer";
				COPY_PHASE_STRIP = NO;
				DEBUG_INFORMATION_FORMAT = dwarf;
				ENABLE_STRICT_OBJC_MSGSEND = YES;
				ENABLE_TESTABILITY = YES;
				GCC_C_LANGUAGE_STANDARD = gnu99;
				GCC_DYNAMIC_NO_PIC = NO;
				GCC_NO_COMMON_BLOCKS = YES;
				GCC_OPTIMIZATION_LEVEL = 0;
				GCC_PREPROCESSOR_DEFINITIONS = (
					"DEBUG=1",
					"$(inherited)",
				);
				GCC_WARN_64_TO_32_BIT_CONVERSION = YES;
				GCC_WARN_ABOUT_RETURN_TYPE = YES_ERROR;
				GCC_WARN_UNDECLARED_SELECTOR = YES;
				GCC_WARN_UNINITIALIZED_AUTOS = YES_AGGRESSIVE;
				GCC_WARN_UNUSED_FUNCTION = YES;
				GCC_WARN_UNUSED_VARIABLE = YES;
				IPHONEOS_DEPLOYMENT_TARGET = 9.2;
				MTL_ENABLE_DEBUG_INFO = YES;
				ONLY_ACTIVE_ARCH = YES;
				SDKROOT = iphoneos;
				TARGETED_DEVICE_FAMILY = "1,2";
			};
			name = Debug;
		};
		D8A619571C86E4340011FE03 /* Release */ = {
			isa = XCBuildConfiguration;
			buildSettings = {
				ALWAYS_SEARCH_USER_PATHS = NO;
				CLANG_CXX_LANGUAGE_STANDARD = "gnu++0x";
				CLANG_CXX_LIBRARY = "libc++";
				CLANG_ENABLE_MODULES = YES;
				CLANG_ENABLE_OBJC_ARC = YES;
				CLANG_WARN_BOOL_CONVERSION = YES;
				CLANG_WARN_CONSTANT_CONVERSION = YES;
				CLANG_WARN_DIRECT_OBJC_ISA_USAGE = YES_ERROR;
				CLANG_WARN_EMPTY_BODY = YES;
				CLANG_WARN_ENUM_CONVERSION = YES;
				CLANG_WARN_INT_CONVERSION = YES;
				CLANG_WARN_OBJC_ROOT_CLASS = YES_ERROR;
				CLANG_WARN_UNREACHABLE_CODE = YES;
				CLANG_WARN__DUPLICATE_METHOD_MATCH = YES;
				"CODE_SIGN_IDENTITY[sdk=iphoneos*]" = "iPhone Developer";
				COPY_PHASE_STRIP = NO;
				DEBUG_INFORMATION_FORMAT = "dwarf-with-dsym";
				ENABLE_NS_ASSERTIONS = NO;
				ENABLE_STRICT_OBJC_MSGSEND = YES;
				GCC_C_LANGUAGE_STANDARD = gnu99;
				GCC_NO_COMMON_BLOCKS = YES;
				GCC_WARN_64_TO_32_BIT_CONVERSION = YES;
				GCC_WARN_ABOUT_RETURN_TYPE = YES_ERROR;
				GCC_WARN_UNDECLARED_SELECTOR = YES;
				GCC_WARN_UNINITIALIZED_AUTOS = YES_AGGRESSIVE;
				GCC_WARN_UNUSED_FUNCTION = YES;
				GCC_WARN_UNUSED_VARIABLE = YES;
				IPHONEOS_DEPLOYMENT_TARGET = 9.2;
				MTL_ENABLE_DEBUG_INFO = NO;
				SDKROOT = iphoneos;
				TARGETED_DEVICE_FAMILY = "1,2";
				VALIDATE_PRODUCT = YES;
			};
			name = Release;
		};
		D8A619591C86E4340011FE03 /* Debug */ = {
			isa = XCBuildConfiguration;
			buildSettings = {
				ASSETCATALOG_COMPILER_APPICON_NAME = AppIcon;
				INFOPLIST_FILE = BinaryTree/Info.plist;
				LD_RUNPATH_SEARCH_PATHS = "$(inherited) @executable_path/Frameworks";
				PRODUCT_BUNDLE_IDENTIFIER = com.xindong.BinaryTree;
				PRODUCT_NAME = "$(TARGET_NAME)";
			};
			name = Debug;
		};
		D8A6195A1C86E4340011FE03 /* Release */ = {
			isa = XCBuildConfiguration;
			buildSettings = {
				ASSETCATALOG_COMPILER_APPICON_NAME = AppIcon;
				INFOPLIST_FILE = BinaryTree/Info.plist;
				LD_RUNPATH_SEARCH_PATHS = "$(inherited) @executable_path/Frameworks";
				PRODUCT_BUNDLE_IDENTIFIER = com.xindong.BinaryTree;
				PRODUCT_NAME = "$(TARGET_NAME)";
			};
			name = Release;
		};
/* End XCBuildConfiguration section */

/* Begin XCConfigurationList section */
		D8A6193C1C86E4340011FE03 /* Build configuration list for PBXProject "BinaryTree" */ = {
			isa = XCConfigurationList;
			buildConfigurations = (
				D8A619561C86E4340011FE03 /* Debug */,
				D8A619571C86E4340011FE03 /* Release */,
			);
			defaultConfigurationIsVisible = 0;
			defaultConfigurationName = Release;
		};
		D8A619581C86E4340011FE03 /* Build configuration list for PBXNativeTarget "BinaryTree" */ = {
			isa = XCConfigurationList;
			buildConfigurations = (
				D8A619591C86E4340011FE03 /* Debug */,
				D8A6195A1C86E4340011FE03 /* Release */,
			);
			defaultConfigurationIsVisible = 0;
		};
/* End XCConfigurationList section */
	};
	rootObject = D8A619391C86E4340011FE03 /* Project object */;
}
